// !$*UTF8*$!
{
	archiveVersion = 1;
	classes = {
	};
	objectVersion = 56;
	objects = {

/* Begin PBXBuildFile section */
		A1234567890123456789012A /* Add2WalletApp.swift in Sources */ = {isa = PBXBuildFile; fileRef = A1234567890123456789012B /* Add2WalletApp.swift */; };
		A1234567890123456789012C /* ContentView.swift in Sources */ = {isa = PBXBuildFile; fileRef = A1234567890123456789012D /* ContentView.swift */; };
		A1234567890123456789012E /* Assets.xcassets in Resources */ = {isa = PBXBuildFile; fileRef = A1234567890123456789012F /* Assets.xcassets */; };
		A12345678901234567890130 /* Preview Assets.xcassets in Resources */ = {isa = PBXBuildFile; fileRef = A12345678901234567890131 /* Preview Assets.xcassets */; };
		A12345678901234567890132 /* ContentViewModel.swift in Sources */ = {isa = PBXBuildFile; fileRef = A12345678901234567890133 /* ContentViewModel.swift */; };
		A12345678901234567890134 /* NetworkService.swift in Sources */ = {isa = PBXBuildFile; fileRef = A12345678901234567890135 /* NetworkService.swift */; };
		A12345678901234567890136 /* NetworkServiceTests.swift in Sources */ = {isa = PBXBuildFile; fileRef = A12345678901234567890137 /* NetworkServiceTests.swift */; };
		A12345678901234567890138 /* ContentViewModelTests.swift in Sources */ = {isa = PBXBuildFile; fileRef = A12345678901234567890139 /* ContentViewModelTests.swift */; };
/* End PBXBuildFile section */

/* Begin PBXContainerItemProxy section */
		A1234567890123456789013A /* PBXContainerItemProxy */ = {
			isa = PBXContainerItemProxy;
			containerPortal = A1234567890123456789013B /* Project object */;
			proxyType = 1;
			remoteGlobalIDString = A1234567890123456789013C;
			remoteInfo = Add2Wallet;
		};
/* End PBXContainerItemProxy section */

/* Begin PBXFileReference section */
		A1234567890123456789012B /* Add2WalletApp.swift */ = {isa = PBXFileReference; lastKnownFileType = sourcecode.swift; path = Add2WalletApp.swift; sourceTree = "<group>"; };
		A1234567890123456789012D /* ContentView.swift */ = {isa = PBXFileReference; lastKnownFileType = sourcecode.swift; path = ContentView.swift; sourceTree = "<group>"; };
		A1234567890123456789012F /* Assets.xcassets */ = {isa = PBXFileReference; lastKnownFileType = folder.assetcatalog; path = Assets.xcassets; sourceTree = "<group>"; };
		A12345678901234567890131 /* Preview Assets.xcassets */ = {isa = PBXFileReference; lastKnownFileType = folder.assetcatalog; path = "Preview Assets.xcassets"; sourceTree = "<group>"; };
		A12345678901234567890133 /* ContentViewModel.swift */ = {isa = PBXFileReference; lastKnownFileType = sourcecode.swift; path = ContentViewModel.swift; sourceTree = "<group>"; };
		A12345678901234567890135 /* NetworkService.swift */ = {isa = PBXFileReference; lastKnownFileType = sourcecode.swift; path = NetworkService.swift; sourceTree = "<group>"; };
		A12345678901234567890137 /* NetworkServiceTests.swift */ = {isa = PBXFileReference; lastKnownFileType = sourcecode.swift; path = NetworkServiceTests.swift; sourceTree = "<group>"; };
		A12345678901234567890139 /* ContentViewModelTests.swift */ = {isa = PBXFileReference; lastKnownFileType = sourcecode.swift; path = ContentViewModelTests.swift; sourceTree = "<group>"; };
		A1234567890123456789013D /* Add2Wallet.app */ = {isa = PBXFileReference; explicitFileType = wrapper.application; includeInIndex = 0; path = Add2Wallet.app; sourceTree = BUILT_PRODUCTS_DIR; };
		A1234567890123456789013E /* Add2WalletTests.xctest */ = {isa = PBXFileReference; explicitFileType = wrapper.cfbundle; includeInIndex = 0; path = Add2WalletTests.xctest; sourceTree = BUILT_PRODUCTS_DIR; };
		A1234567890123456789013F /* Info.plist */ = {isa = PBXFileReference; lastKnownFileType = text.plist.xml; path = Info.plist; sourceTree = "<group>"; };
/* End PBXFileReference section */

/* Begin PBXFrameworksBuildPhase section */
		A12345678901234567890140 /* Frameworks */ = {
			isa = PBXFrameworksBuildPhase;
			buildActionMask = 2147483647;
			files = (
			);
			runOnlyForDeploymentPostprocessing = 0;
		};
		A12345678901234567890141 /* Frameworks */ = {
			isa = PBXFrameworksBuildPhase;
			buildActionMask = 2147483647;
			files = (
			);
			runOnlyForDeploymentPostprocessing = 0;
		};
/* End PBXFrameworksBuildPhase section */

/* Begin PBXGroup section */
		A12345678901234567890142 = {
			isa = PBXGroup;
			children = (
				A12345678901234567890143 /* Add2Wallet */,
				A12345678901234567890144 /* Add2WalletTests */,
				A12345678901234567890145 /* Products */,
			);
			sourceTree = "<group>";
		};
		A12345678901234567890143 /* Add2Wallet */ = {
			isa = PBXGroup;
			children = (
				A1234567890123456789012B /* Add2WalletApp.swift */,
				A12345678901234567890146 /* Views */,
				A12345678901234567890147 /* ViewModels */,
				A12345678901234567890148 /* Services */,
				A1234567890123456789012F /* Assets.xcassets */,
				A1234567890123456789013F /* Info.plist */,
				A12345678901234567890149 /* Preview Content */,
			);
			path = Add2Wallet;
			sourceTree = "<group>";
		};
		A12345678901234567890144 /* Add2WalletTests */ = {
			isa = PBXGroup;
			children = (
				A12345678901234567890137 /* NetworkServiceTests.swift */,
				A12345678901234567890139 /* ContentViewModelTests.swift */,
			);
			path = Add2WalletTests;
			sourceTree = "<group>";
		};
		A12345678901234567890145 /* Products */ = {
			isa = PBXGroup;
			children = (
				A1234567890123456789013D /* Add2Wallet.app */,
				A1234567890123456789013E /* Add2WalletTests.xctest */,
			);
			name = Products;
			sourceTree = "<group>";
		};
		A12345678901234567890146 /* Views */ = {
			isa = PBXGroup;
			children = (
				A1234567890123456789012D /* ContentView.swift */,
			);
			path = Views;
			sourceTree = "<group>";
		};
		A12345678901234567890147 /* ViewModels */ = {
			isa = PBXGroup;
			children = (
				A12345678901234567890133 /* ContentViewModel.swift */,
			);
			path = ViewModels;
			sourceTree = "<group>";
		};
		A12345678901234567890148 /* Services */ = {
			isa = PBXGroup;
			children = (
				A12345678901234567890135 /* NetworkService.swift */,
			);
			path = Services;
			sourceTree = "<group>";
		};
		A12345678901234567890149 /* Preview Content */ = {
			isa = PBXGroup;
			children = (
				A12345678901234567890131 /* Preview Assets.xcassets */,
			);
			path = "Preview Content";
			sourceTree = "<group>";
		};
/* End PBXGroup section */

/* Begin PBXNativeTarget section */
		A1234567890123456789013C /* Add2Wallet */ = {
			isa = PBXNativeTarget;
			buildConfigurationList = A1234567890123456789014A /* Build configuration list for PBXNativeTarget "Add2Wallet" */;
			buildPhases = (
				A1234567890123456789014B /* Sources */,
				A12345678901234567890140 /* Frameworks */,
				A1234567890123456789014C /* Resources */,
			);
			buildRules = (
			);
			dependencies = (
			);
			name = Add2Wallet;
			productName = Add2Wallet;
			productReference = A1234567890123456789013D /* Add2Wallet.app */;
			productType = "com.apple.product-type.application";
		};
		A1234567890123456789014D /* Add2WalletTests */ = {
			isa = PBXNativeTarget;
			buildConfigurationList = A1234567890123456789014E /* Build configuration list for PBXNativeTarget "Add2WalletTests" */;
			buildPhases = (
				A1234567890123456789014F /* Sources */,
				A12345678901234567890141 /* Frameworks */,
				A12345678901234567890150 /* Resources */,
			);
			buildRules = (
			);
			dependencies = (
				A12345678901234567890151 /* PBXTargetDependency */,
			);
			name = Add2WalletTests;
			productName = Add2WalletTests;
			productReference = A1234567890123456789013E /* Add2WalletTests.xctest */;
			productType = "com.apple.product-type.bundle.unit-test";
		};
/* End PBXNativeTarget section */

/* Begin PBXProject section */
		A1234567890123456789013B /* Project object */ = {
			isa = PBXProject;
			attributes = {
				BuildIndependentTargetsInParallel = 1;
				LastSwiftUpdateCheck = 1500;
				LastUpgradeCheck = 1500;
				TargetAttributes = {
					A1234567890123456789013C = {
						CreatedOnToolsVersion = 15.0;
					};
					A1234567890123456789014D = {
						CreatedOnToolsVersion = 15.0;
						TestTargetID = A1234567890123456789013C;
					};
				};
			};
			buildConfigurationList = A12345678901234567890152 /* Build configuration list for PBXProject "Add2Wallet" */;
			compatibilityVersion = "Xcode 14.0";
			developmentRegion = en;
			hasScannedForEncodings = 0;
			knownRegions = (
				en,
				Base,
			);
			mainGroup = A12345678901234567890142;
			productRefGroup = A12345678901234567890145 /* Products */;
			projectDirPath = "";
			projectRoot = "";
			targets = (
				A1234567890123456789013C /* Add2Wallet */,
				A1234567890123456789014D /* Add2WalletTests */,
			);
		};
/* End PBXProject section */

/* Begin PBXResourcesBuildPhase section */
		A1234567890123456789014C /* Resources */ = {
			isa = PBXResourcesBuildPhase;
			buildActionMask = 2147483647;
			files = (
				A12345678901234567890130 /* Preview Assets.xcassets in Resources */,
				A1234567890123456789012E /* Assets.xcassets in Resources */,
			);
			runOnlyForDeploymentPostprocessing = 0;
		};
		A12345678901234567890150 /* Resources */ = {
			isa = PBXResourcesBuildPhase;
			buildActionMask = 2147483647;
			files = (
			);
			runOnlyForDeploymentPostprocessing = 0;
		};
/* End PBXResourcesBuildPhase section */

/* Begin PBXSourcesBuildPhase section */
		A1234567890123456789014B /* Sources */ = {
			isa = PBXSourcesBuildPhase;
			buildActionMask = 2147483647;
			files = (
				A1234567890123456789012C /* ContentView.swift in Sources */,
				A12345678901234567890132 /* ContentViewModel.swift in Sources */,
				A12345678901234567890134 /* NetworkService.swift in Sources */,
				A1234567890123456789012A /* Add2WalletApp.swift in Sources */,
			);
			runOnlyForDeploymentPostprocessing = 0;
		};
		A1234567890123456789014F /* Sources */ = {
			isa = PBXSourcesBuildPhase;
			buildActionMask = 2147483647;
			files = (
				A12345678901234567890136 /* NetworkServiceTests.swift in Sources */,
				A12345678901234567890138 /* ContentViewModelTests.swift in Sources */,
			);
			runOnlyForDeploymentPostprocessing = 0;
		};
/* End PBXSourcesBuildPhase section */

/* Begin PBXTargetDependency section */
		A12345678901234567890151 /* PBXTargetDependency */ = {
			isa = PBXTargetDependency;
			target = A1234567890123456789013C /* Add2Wallet */;
			targetProxy = A1234567890123456789013A /* PBXContainerItemProxy */;
		};
/* End PBXTargetDependency section */

/* Begin XCBuildConfiguration section */
		A12345678901234567890153 /* Debug */ = {
			isa = XCBuildConfiguration;
			buildSettings = {
				ALWAYS_SEARCH_USER_PATHS = NO;
				ASSETCATALOG_COMPILER_GENERATE_SWIFT_ASSET_SYMBOL_EXTENSIONS = YES;
				CLANG_ANALYZER_NONNULL = YES;
				CLANG_ANALYZER_NUMBER_OBJECT_CONVERSION = YES_AGGRESSIVE;
				CLANG_CXX_LANGUAGE_STANDARD = "gnu++20";
				CLANG_ENABLE_MODULES = YES;
				CLANG_ENABLE_OBJC_ARC = YES;
				CLANG_ENABLE_OBJC_WEAK = YES;
				CLANG_WARN_BLOCK_CAPTURE_AUTORELEASING = YES;
				CLANG_WARN_BOOL_CONVERSION = YES;
				CLANG_WARN_COMMA = YES;
				CLANG_WARN_CONSTANT_CONVERSION = YES;
				CLANG_WARN_DEPRECATED_OBJC_IMPLEMENTATIONS = YES;
				CLANG_WARN_DIRECT_OBJC_ISA_USAGE = YES_ERROR;
				CLANG_WARN_DOCUMENTATION_COMMENTS = YES;
				CLANG_WARN_EMPTY_BODY = YES;
				CLANG_WARN_ENUM_CONVERSION = YES;
				CLANG_WARN_INFINITE_RECURSION = YES;
				CLANG_WARN_INT_CONVERSION = YES;
				CLANG_WARN_NON_LITERAL_NULL_CONVERSION = YES;
				CLANG_WARN_OBJC_IMPLICIT_RETAIN_SELF = YES;
				CLANG_WARN_OBJC_LITERAL_CONVERSION = YES;
				CLANG_WARN_OBJC_ROOT_CLASS = YES_ERROR;
				CLANG_WARN_QUOTED_INCLUDE_IN_FRAMEWORK_HEADER = YES;
				CLANG_WARN_RANGE_LOOP_ANALYSIS = YES;
				CLANG_WARN_STRICT_PROTOTYPES = YES;
				CLANG_WARN_SUSPICIOUS_MOVE = YES;
				CLANG_WARN_UNGUARDED_AVAILABILITY = YES_AGGRESSIVE;
				CLANG_WARN_UNREACHABLE_CODE = YES;
				CLANG_WARN__DUPLICATE_METHOD_MATCH = YES;
				COPY_PHASE_STRIP = NO;
				DEBUG_INFORMATION_FORMAT = dwarf;
				ENABLE_STRICT_OBJC_MSGSEND = YES;
				ENABLE_TESTABILITY = YES;
				ENABLE_USER_SCRIPT_SANDBOXING = YES;
				GCC_C_LANGUAGE_STANDARD = gnu17;
				GCC_DYNAMIC_NO_PIC = NO;
				GCC_NO_COMMON_BLOCKS = YES;
				GCC_OPTIMIZATION_LEVEL = 0;
				GCC_PREPROCESSOR_DEFINITIONS = (
					"DEBUG=1",
					"$(inherited)",
				);
				GCC_WARN_64_TO_32_BIT_CONVERSION = YES;
				GCC_WARN_ABOUT_RETURN_TYPE = YES_ERROR;
				GCC_WARN_UNDECLARED_SELECTOR = YES;
				GCC_WARN_UNINITIALIZED_AUTOS = YES_AGGRESSIVE;
				GCC_WARN_UNUSED_FUNCTION = YES;
				GCC_WARN_UNUSED_VARIABLE = YES;
				IPHONEOS_DEPLOYMENT_TARGET = 17.0;
				LOCALIZATION_PREFERS_STRING_CATALOGS = YES;
				MTL_ENABLE_DEBUG_INFO = INCLUDE_SOURCE;
				MTL_FAST_MATH = YES;
				ONLY_ACTIVE_ARCH = YES;
				SDKROOT = iphoneos;
				SWIFT_ACTIVE_COMPILATION_CONDITIONS = "DEBUG $(inherited)";
				SWIFT_OPTIMIZATION_LEVEL = "-Onone";
			};
			name = Debug;
		};
		A12345678901234567890154 /* Release */ = {
			isa = XCBuildConfiguration;
			buildSettings = {
				ALWAYS_SEARCH_USER_PATHS = NO;
				ASSETCATALOG_COMPILER_GENERATE_SWIFT_ASSET_SYMBOL_EXTENSIONS = YES;
				CLANG_ANALYZER_NONNULL = YES;
				CLANG_ANALYZER_NUMBER_OBJECT_CONVERSION = YES_AGGRESSIVE;
				CLANG_CXX_LANGUAGE_STANDARD = "gnu++20";
				CLANG_ENABLE_MODULES = YES;
				CLANG_ENABLE_OBJC_ARC = YES;
				CLANG_ENABLE_OBJC_WEAK = YES;
				CLANG_WARN_BLOCK_CAPTURE_AUTORELEASING = YES;
				CLANG_WARN_BOOL_CONVERSION = YES;
				CLANG_WARN_COMMA = YES;
				CLANG_WARN_CONSTANT_CONVERSION = YES;
				CLANG_WARN_DEPRECATED_OBJC_IMPLEMENTATIONS = YES;
				CLANG_WARN_DIRECT_OBJC_ISA_USAGE = YES_ERROR;
				CLANG_WARN_DOCUMENTATION_COMMENTS = YES;
				CLANG_WARN_EMPTY_BODY = YES;
				CLANG_WARN_ENUM_CONVERSION = YES;
				CLANG_WARN_INFINITE_RECURSION = YES;
				CLANG_WARN_INT_CONVERSION = YES;
				CLANG_WARN_NON_LITERAL_NULL_CONVERSION = YES;
				CLANG_WARN_OBJC_IMPLICIT_RETAIN_SELF = YES;
				CLANG_WARN_OBJC_LITERAL_CONVERSION = YES;
				CLANG_WARN_OBJC_ROOT_CLASS = YES_ERROR;
				CLANG_WARN_QUOTED_INCLUDE_IN_FRAMEWORK_HEADER = YES;
				CLANG_WARN_RANGE_LOOP_ANALYSIS = YES;
				CLANG_WARN_STRICT_PROTOTYPES = YES;
				CLANG_WARN_SUSPICIOUS_MOVE = YES;
				CLANG_WARN_UNGUARDED_AVAILABILITY = YES_AGGRESSIVE;
				CLANG_WARN_UNREACHABLE_CODE = YES;
				CLANG_WARN__DUPLICATE_METHOD_MATCH = YES;
				COPY_PHASE_STRIP = NO;
				DEBUG_INFORMATION_FORMAT = "dwarf-with-dsym";
				ENABLE_NS_ASSERTIONS = NO;
				ENABLE_STRICT_OBJC_MSGSEND = YES;
				ENABLE_USER_SCRIPT_SANDBOXING = YES;
				GCC_C_LANGUAGE_STANDARD = gnu17;
				GCC_NO_COMMON_BLOCKS = YES;
				GCC_WARN_64_TO_32_BIT_CONVERSION = YES;
				GCC_WARN_ABOUT_RETURN_TYPE = YES_ERROR;
				GCC_WARN_UNDECLARED_SELECTOR = YES;
				GCC_WARN_UNINITIALIZED_AUTOS = YES_AGGRESSIVE;
				GCC_WARN_UNUSED_FUNCTION = YES;
				GCC_WARN_UNUSED_VARIABLE = YES;
				IPHONEOS_DEPLOYMENT_TARGET = 17.0;
				LOCALIZATION_PREFERS_STRING_CATALOGS = YES;
				MTL_ENABLE_DEBUG_INFO = NO;
				MTL_FAST_MATH = YES;
				SDKROOT = iphoneos;
				SWIFT_COMPILATION_MODE = wholemodule;
				VALIDATE_PRODUCT = YES;
			};
			name = Release;
		};
		A12345678901234567890155 /* Debug */ = {
			isa = XCBuildConfiguration;
			buildSettings = {
				ASSETCATALOG_COMPILER_APPICON_NAME = AppIcon;
				ASSETCATALOG_COMPILER_GLOBAL_ACCENT_COLOR_NAME = AccentColor;
				CODE_SIGN_STYLE = Automatic;
				CURRENT_PROJECT_VERSION = 1;
				DEVELOPMENT_ASSET_PATHS = "\"Add2Wallet/Preview Content\"";
				DEVELOPMENT_TEAM = H9DPH4DQG7;
				ENABLE_PREVIEWS = YES;
				GENERATE_INFOPLIST_FILE = YES;
				INFOPLIST_FILE = Add2Wallet/Info.plist;
				INFOPLIST_KEY_UIApplicationSceneManifest_Generation = YES;
				INFOPLIST_KEY_UIApplicationSupportsIndirectInputEvents = YES;
				INFOPLIST_KEY_UILaunchScreen_Generation = YES;
				INFOPLIST_KEY_UISupportedInterfaceOrientations_iPad = "UIInterfaceOrientationPortrait UIInterfaceOrientationPortraitUpsideDown UIInterfaceOrientationLandscapeLeft UIInterfaceOrientationLandscapeRight";
				INFOPLIST_KEY_UISupportedInterfaceOrientations_iPhone = "UIInterfaceOrientationPortrait UIInterfaceOrientationLandscapeLeft UIInterfaceOrientationLandscapeRight";
				LD_RUNPATH_SEARCH_PATHS = (
					"$(inherited)",
					"@executable_path/Frameworks",
				);
				MARKETING_VERSION = 1.0;
				PRODUCT_BUNDLE_IDENTIFIER = com.andresboedo.add2wallet;
				PRODUCT_NAME = "$(TARGET_NAME)";
				SWIFT_EMIT_LOC_STRINGS = YES;
				SWIFT_VERSION = 5.0;
				TARGETED_DEVICE_FAMILY = "1,2";
			};
			name = Debug;
		};
		A12345678901234567890156 /* Release */ = {
			isa = XCBuildConfiguration;
			buildSettings = {
				ASSETCATALOG_COMPILER_APPICON_NAME = AppIcon;
				ASSETCATALOG_COMPILER_GLOBAL_ACCENT_COLOR_NAME = AccentColor;
				CODE_SIGN_STYLE = Automatic;
				CURRENT_PROJECT_VERSION = 1;
				DEVELOPMENT_ASSET_PATHS = "\"Add2Wallet/Preview Content\"";
				DEVELOPMENT_TEAM = H9DPH4DQG7;
				ENABLE_PREVIEWS = YES;
				GENERATE_INFOPLIST_FILE = YES;
				INFOPLIST_FILE = Add2Wallet/Info.plist;
				INFOPLIST_KEY_UIApplicationSceneManifest_Generation = YES;
				INFOPLIST_KEY_UIApplicationSupportsIndirectInputEvents = YES;
				INFOPLIST_KEY_UILaunchScreen_Generation = YES;
				INFOPLIST_KEY_UISupportedInterfaceOrientations_iPad = "UIInterfaceOrientationPortrait UIInterfaceOrientationPortraitUpsideDown UIInterfaceOrientationLandscapeLeft UIInterfaceOrientationLandscapeRight";
				INFOPLIST_KEY_UISupportedInterfaceOrientations_iPhone = "UIInterfaceOrientationPortrait UIInterfaceOrientationLandscapeLeft UIInterfaceOrientationLandscapeRight";
				LD_RUNPATH_SEARCH_PATHS = (
					"$(inherited)",
					"@executable_path/Frameworks",
				);
				MARKETING_VERSION = 1.0;
				PRODUCT_BUNDLE_IDENTIFIER = com.andresboedo.add2wallet;
				PRODUCT_NAME = "$(TARGET_NAME)";
				SWIFT_EMIT_LOC_STRINGS = YES;
				SWIFT_VERSION = 5.0;
				TARGETED_DEVICE_FAMILY = "1,2";
			};
			name = Release;
		};
		A12345678901234567890157 /* Debug */ = {
			isa = XCBuildConfiguration;
			buildSettings = {
				ALWAYS_EMBED_SWIFT_STANDARD_LIBRARIES = YES;
				BUNDLE_LOADER = "$(TEST_HOST)";
				CODE_SIGN_STYLE = Automatic;
				CURRENT_PROJECT_VERSION = 1;
				DEVELOPMENT_TEAM = "";
				GENERATE_INFOPLIST_FILE = YES;
				IPHONEOS_DEPLOYMENT_TARGET = 17.0;
				MARKETING_VERSION = 1.0;
				PRODUCT_BUNDLE_IDENTIFIER = com.andresboedo.add2wallet.tests;
				PRODUCT_NAME = "$(TARGET_NAME)";
				SWIFT_EMIT_LOC_STRINGS = NO;
				SWIFT_VERSION = 5.0;
				TARGETED_DEVICE_FAMILY = "1,2";
				TEST_HOST = "$(BUILT_PRODUCTS_DIR)/Add2Wallet.app/$(BUNDLE_EXECUTABLE_FOLDER_PATH)/Add2Wallet";
			};
			name = Debug;
		};
		A12345678901234567890158 /* Release */ = {
			isa = XCBuildConfiguration;
			buildSettings = {
				ALWAYS_EMBED_SWIFT_STANDARD_LIBRARIES = YES;
				BUNDLE_LOADER = "$(TEST_HOST)";
				CODE_SIGN_STYLE = Automatic;
				CURRENT_PROJECT_VERSION = 1;
				DEVELOPMENT_TEAM = "";
				GENERATE_INFOPLIST_FILE = YES;
				IPHONEOS_DEPLOYMENT_TARGET = 17.0;
				MARKETING_VERSION = 1.0;
				PRODUCT_BUNDLE_IDENTIFIER = com.andresboedo.add2wallet.tests;
				PRODUCT_NAME = "$(TARGET_NAME)";
				SWIFT_EMIT_LOC_STRINGS = NO;
				SWIFT_VERSION = 5.0;
				TARGETED_DEVICE_FAMILY = "1,2";
				TEST_HOST = "$(BUILT_PRODUCTS_DIR)/Add2Wallet.app/$(BUNDLE_EXECUTABLE_FOLDER_PATH)/Add2Wallet";
			};
			name = Release;
		};
/* End XCBuildConfiguration section */

/* Begin XCConfigurationList section */
		A1234567890123456789014A /* Build configuration list for PBXNativeTarget "Add2Wallet" */ = {
			isa = XCConfigurationList;
			buildConfigurations = (
				A12345678901234567890155 /* Debug */,
				A12345678901234567890156 /* Release */,
			);
			defaultConfigurationIsVisible = 0;
			defaultConfigurationName = Release;
		};
		A1234567890123456789014E /* Build configuration list for PBXNativeTarget "Add2WalletTests" */ = {
			isa = XCConfigurationList;
			buildConfigurations = (
				A12345678901234567890157 /* Debug */,
				A12345678901234567890158 /* Release */,
			);
			defaultConfigurationIsVisible = 0;
			defaultConfigurationName = Release;
		};
		A12345678901234567890152 /* Build configuration list for PBXProject "Add2Wallet" */ = {
			isa = XCConfigurationList;
			buildConfigurations = (
				A12345678901234567890153 /* Debug */,
				A12345678901234567890154 /* Release */,
			);
			defaultConfigurationIsVisible = 0;
			defaultConfigurationName = Release;
		};
/* End XCConfigurationList section */
	};
	rootObject = A1234567890123456789013B /* Project object */;
}
